// !$*UTF8*$!
{
	archiveVersion = 1;
	classes = {
	};
	objectVersion = 46;
	objects = {

/* Begin PBXBuildFile section */
		441601E2189E73B20065B4F3 /* Montserrat-Bold.ttf in Resources */ = {isa = PBXBuildFile; fileRef = 441601DF189E73B20065B4F3 /* Montserrat-Bold.ttf */; };
		441601E3189E73B20065B4F3 /* Montserrat-Regular.ttf in Resources */ = {isa = PBXBuildFile; fileRef = 441601E0189E73B20065B4F3 /* Montserrat-Regular.ttf */; };
		445B34281992C4BA0019952D /* GothamRnd-Bold.ttf in Resources */ = {isa = PBXBuildFile; fileRef = 445B34201992C4BA0019952D /* GothamRnd-Bold.ttf */; };
		445B34291992C4BA0019952D /* GothamRnd-BoldIta.ttf in Resources */ = {isa = PBXBuildFile; fileRef = 445B34211992C4BA0019952D /* GothamRnd-BoldIta.ttf */; };
		445B342A1992C4BA0019952D /* GothamRnd-Book.ttf in Resources */ = {isa = PBXBuildFile; fileRef = 445B34221992C4BA0019952D /* GothamRnd-Book.ttf */; };
		445B342B1992C4BA0019952D /* GothamRnd-BookIta.ttf in Resources */ = {isa = PBXBuildFile; fileRef = 445B34231992C4BA0019952D /* GothamRnd-BookIta.ttf */; };
		445B342C1992C4BA0019952D /* GothamRnd-Light.ttf in Resources */ = {isa = PBXBuildFile; fileRef = 445B34241992C4BA0019952D /* GothamRnd-Light.ttf */; };
		445B342D1992C4BA0019952D /* GothamRnd-LightIta.ttf in Resources */ = {isa = PBXBuildFile; fileRef = 445B34251992C4BA0019952D /* GothamRnd-LightIta.ttf */; };
		445B342E1992C4BA0019952D /* GothamRnd-MedIta.ttf in Resources */ = {isa = PBXBuildFile; fileRef = 445B34261992C4BA0019952D /* GothamRnd-MedIta.ttf */; };
		445B342F1992C4BA0019952D /* GothamRnd-Medium.ttf in Resources */ = {isa = PBXBuildFile; fileRef = 445B34271992C4BA0019952D /* GothamRnd-Medium.ttf */; };
		445B35681992CEAB0019952D /* libFlurry_5.2.0.a in Frameworks */ = {isa = PBXBuildFile; fileRef = 445B35671992CEAB0019952D /* libFlurry_5.2.0.a */; };
		445B356A1992CEDE0019952D /* SystemConfiguration.framework in Frameworks */ = {isa = PBXBuildFile; fileRef = 445B35691992CEDE0019952D /* SystemConfiguration.framework */; };
		446ACD481994060E00651915 /* RssParser.m in Sources */ = {isa = PBXBuildFile; fileRef = 446ACD471994060E00651915 /* RssParser.m */; };
		4474864E18A02C1900FA06CF /* IntroViewController.m in Sources */ = {isa = PBXBuildFile; fileRef = 4474864D18A02C1900FA06CF /* IntroViewController.m */; };
		4474865318A0655B00FA06CF /* SectionOneViewController.m in Sources */ = {isa = PBXBuildFile; fileRef = 4474865218A0655B00FA06CF /* SectionOneViewController.m */; };
		4474865518A070DB00FA06CF /* youtube.html in Resources */ = {isa = PBXBuildFile; fileRef = 4474865418A070DB00FA06CF /* youtube.html */; };
		4474865F18A1DD4900FA06CF /* CoreImage.framework in Frameworks */ = {isa = PBXBuildFile; fileRef = 4474865E18A1DD4900FA06CF /* CoreImage.framework */; };
		4474866118A1DD5100FA06CF /* QuartzCore.framework in Frameworks */ = {isa = PBXBuildFile; fileRef = 4474866018A1DD5100FA06CF /* QuartzCore.framework */; };
		44870E2218A7DC2500B5F9F4 /* VideoMasterViewController.m in Sources */ = {isa = PBXBuildFile; fileRef = 44870E2118A7DC2500B5F9F4 /* VideoMasterViewController.m */; };
		44870E2518A7DCD000B5F9F4 /* VideoDetailViewController.m in Sources */ = {isa = PBXBuildFile; fileRef = 44870E2418A7DCD000B5F9F4 /* VideoDetailViewController.m */; };
		44C1339018BBC46C00D64DA5 /* SectionThreeViewController.m in Sources */ = {isa = PBXBuildFile; fileRef = 44C1338F18BBC46C00D64DA5 /* SectionThreeViewController.m */; };
		44C2A02918BC14EE007808B8 /* Converged.txt in Resources */ = {isa = PBXBuildFile; fileRef = 44C2A02818BC14EE007808B8 /* Converged.txt */; };
		44C2A02E18BC2373007808B8 /* Cloud.txt in Resources */ = {isa = PBXBuildFile; fileRef = 44C2A02A18BC2373007808B8 /* Cloud.txt */; };
		44C2A02F18BC2373007808B8 /* Flash.txt in Resources */ = {isa = PBXBuildFile; fileRef = 44C2A02B18BC2373007808B8 /* Flash.txt */; };
		44C2A03018BC2373007808B8 /* ScaleOut.txt in Resources */ = {isa = PBXBuildFile; fileRef = 44C2A02C18BC2373007808B8 /* ScaleOut.txt */; };
		44C2A03118BC2373007808B8 /* SoftwareDefined.txt in Resources */ = {isa = PBXBuildFile; fileRef = 44C2A02D18BC2373007808B8 /* SoftwareDefined.txt */; };
		44C2A03418BC3162007808B8 /* UIView+Animation.m in Sources */ = {isa = PBXBuildFile; fileRef = 44C2A03318BC3162007808B8 /* UIView+Animation.m */; };
		44C2A03718BC36EF007808B8 /* SectionTwoViewController.m in Sources */ = {isa = PBXBuildFile; fileRef = 44C2A03618BC36EF007808B8 /* SectionTwoViewController.m */; };
		44D76992189484410060617F /* Foundation.framework in Frameworks */ = {isa = PBXBuildFile; fileRef = 44D76991189484410060617F /* Foundation.framework */; };
		44D76994189484410060617F /* CoreGraphics.framework in Frameworks */ = {isa = PBXBuildFile; fileRef = 44D76993189484410060617F /* CoreGraphics.framework */; };
		44D76996189484410060617F /* UIKit.framework in Frameworks */ = {isa = PBXBuildFile; fileRef = 44D76995189484410060617F /* UIKit.framework */; };
		44D7699C189484410060617F /* InfoPlist.strings in Resources */ = {isa = PBXBuildFile; fileRef = 44D7699A189484410060617F /* InfoPlist.strings */; };
		44D7699E189484410060617F /* main.m in Sources */ = {isa = PBXBuildFile; fileRef = 44D7699D189484410060617F /* main.m */; };
		44D769A2189484410060617F /* AppDelegate.m in Sources */ = {isa = PBXBuildFile; fileRef = 44D769A1189484410060617F /* AppDelegate.m */; };
		44D769A5189484410060617F /* Main.storyboard in Resources */ = {isa = PBXBuildFile; fileRef = 44D769A3189484410060617F /* Main.storyboard */; };
		44D769A8189484410060617F /* MasterViewController.m in Sources */ = {isa = PBXBuildFile; fileRef = 44D769A7189484410060617F /* MasterViewController.m */; };
		44D769AB189484410060617F /* DetailViewController.m in Sources */ = {isa = PBXBuildFile; fileRef = 44D769AA189484410060617F /* DetailViewController.m */; };
		44D769AD189484410060617F /* Images.xcassets in Resources */ = {isa = PBXBuildFile; fileRef = 44D769AC189484410060617F /* Images.xcassets */; };
		44D769B4189484410060617F /* XCTest.framework in Frameworks */ = {isa = PBXBuildFile; fileRef = 44D769B3189484410060617F /* XCTest.framework */; };
		44D769B5189484410060617F /* Foundation.framework in Frameworks */ = {isa = PBXBuildFile; fileRef = 44D76991189484410060617F /* Foundation.framework */; };
		44D769B6189484410060617F /* UIKit.framework in Frameworks */ = {isa = PBXBuildFile; fileRef = 44D76995189484410060617F /* UIKit.framework */; };
		44D769BE189484410060617F /* InfoPlist.strings in Resources */ = {isa = PBXBuildFile; fileRef = 44D769BC189484410060617F /* InfoPlist.strings */; };
		44D769C0189484410060617F /* TestMachineTests.m in Sources */ = {isa = PBXBuildFile; fileRef = 44D769BF189484410060617F /* TestMachineTests.m */; };
		44D769CD18952C490060617F /* NewsAndEventsCell.m in Sources */ = {isa = PBXBuildFile; fileRef = 44D769CA18952C490060617F /* NewsAndEventsCell.m */; };
		44D769CE18952C490060617F /* XMLFeedItem.m in Sources */ = {isa = PBXBuildFile; fileRef = 44D769CC18952C490060617F /* XMLFeedItem.m */; };
		44EC831318A468C80036D1B7 /* Lato-Black.ttf in Resources */ = {isa = PBXBuildFile; fileRef = 44EC830918A468C80036D1B7 /* Lato-Black.ttf */; };
		44EC831418A468C80036D1B7 /* Lato-BlackItalic.ttf in Resources */ = {isa = PBXBuildFile; fileRef = 44EC830A18A468C80036D1B7 /* Lato-BlackItalic.ttf */; };
		44EC831518A468C80036D1B7 /* Lato-Bold.ttf in Resources */ = {isa = PBXBuildFile; fileRef = 44EC830B18A468C80036D1B7 /* Lato-Bold.ttf */; };
		44EC831618A468C80036D1B7 /* Lato-BoldItalic.ttf in Resources */ = {isa = PBXBuildFile; fileRef = 44EC830C18A468C80036D1B7 /* Lato-BoldItalic.ttf */; };
		44EC831718A468C80036D1B7 /* Lato-Hairline.ttf in Resources */ = {isa = PBXBuildFile; fileRef = 44EC830D18A468C80036D1B7 /* Lato-Hairline.ttf */; };
		44EC831818A468C80036D1B7 /* Lato-HairlineItalic.ttf in Resources */ = {isa = PBXBuildFile; fileRef = 44EC830E18A468C80036D1B7 /* Lato-HairlineItalic.ttf */; };
		44EC831918A468C80036D1B7 /* Lato-Italic.ttf in Resources */ = {isa = PBXBuildFile; fileRef = 44EC830F18A468C80036D1B7 /* Lato-Italic.ttf */; };
		44EC831A18A468C80036D1B7 /* Lato-Light.ttf in Resources */ = {isa = PBXBuildFile; fileRef = 44EC831018A468C80036D1B7 /* Lato-Light.ttf */; };
		44EC831B18A468C80036D1B7 /* Lato-LightItalic.ttf in Resources */ = {isa = PBXBuildFile; fileRef = 44EC831118A468C80036D1B7 /* Lato-LightItalic.ttf */; };
		44EC831C18A468C80036D1B7 /* Lato-Regular.ttf in Resources */ = {isa = PBXBuildFile; fileRef = 44EC831218A468C80036D1B7 /* Lato-Regular.ttf */; };
		900149F030184CB6A9552289 /* libPods.a in Frameworks */ = {isa = PBXBuildFile; fileRef = E1D27575FFC9492DB01E3C50 /* libPods.a */; };
		B8034E2618BAEEEF00A56CE9 /* webGUI-youtube.html in Resources */ = {isa = PBXBuildFile; fileRef = B8034E2518BAEEEF00A56CE9 /* webGUI-youtube.html */; };
		B8034EBD18BAF05A00A56CE9 /* WebGuiViewController.m in Sources */ = {isa = PBXBuildFile; fileRef = B8034EBC18BAF05A00A56CE9 /* WebGuiViewController.m */; };
		B8034EC018BAF6FC00A56CE9 /* InteractiveWebGuiViewController.m in Sources */ = {isa = PBXBuildFile; fileRef = B8034EBF18BAF6FC00A56CE9 /* InteractiveWebGuiViewController.m */; };
/* End PBXBuildFile section */

/* Begin PBXContainerItemProxy section */
		44D769B7189484410060617F /* PBXContainerItemProxy */ = {
			isa = PBXContainerItemProxy;
			containerPortal = 44D76986189484410060617F /* Project object */;
			proxyType = 1;
			remoteGlobalIDString = 44D7698D189484410060617F;
			remoteInfo = TestMachine;
		};
/* End PBXContainerItemProxy section */

/* Begin PBXFileReference section */
		441601DF189E73B20065B4F3 /* Montserrat-Bold.ttf */ = {isa = PBXFileReference; lastKnownFileType = file; path = "Montserrat-Bold.ttf"; sourceTree = "<group>"; };
		441601E0189E73B20065B4F3 /* Montserrat-Regular.ttf */ = {isa = PBXFileReference; lastKnownFileType = file; path = "Montserrat-Regular.ttf"; sourceTree = "<group>"; };
		445B34201992C4BA0019952D /* GothamRnd-Bold.ttf */ = {isa = PBXFileReference; lastKnownFileType = file; path = "GothamRnd-Bold.ttf"; sourceTree = "<group>"; };
		445B34211992C4BA0019952D /* GothamRnd-BoldIta.ttf */ = {isa = PBXFileReference; lastKnownFileType = file; path = "GothamRnd-BoldIta.ttf"; sourceTree = "<group>"; };
		445B34221992C4BA0019952D /* GothamRnd-Book.ttf */ = {isa = PBXFileReference; lastKnownFileType = file; path = "GothamRnd-Book.ttf"; sourceTree = "<group>"; };
		445B34231992C4BA0019952D /* GothamRnd-BookIta.ttf */ = {isa = PBXFileReference; lastKnownFileType = file; path = "GothamRnd-BookIta.ttf"; sourceTree = "<group>"; };
		445B34241992C4BA0019952D /* GothamRnd-Light.ttf */ = {isa = PBXFileReference; lastKnownFileType = file; path = "GothamRnd-Light.ttf"; sourceTree = "<group>"; };
		445B34251992C4BA0019952D /* GothamRnd-LightIta.ttf */ = {isa = PBXFileReference; lastKnownFileType = file; path = "GothamRnd-LightIta.ttf"; sourceTree = "<group>"; };
		445B34261992C4BA0019952D /* GothamRnd-MedIta.ttf */ = {isa = PBXFileReference; lastKnownFileType = file; path = "GothamRnd-MedIta.ttf"; sourceTree = "<group>"; };
		445B34271992C4BA0019952D /* GothamRnd-Medium.ttf */ = {isa = PBXFileReference; lastKnownFileType = file; path = "GothamRnd-Medium.ttf"; sourceTree = "<group>"; };
		445B35661992CEAB0019952D /* Flurry.h */ = {isa = PBXFileReference; fileEncoding = 4; lastKnownFileType = sourcecode.c.h; path = Flurry.h; sourceTree = "<group>"; };
		445B35671992CEAB0019952D /* libFlurry_5.2.0.a */ = {isa = PBXFileReference; lastKnownFileType = archive.ar; path = libFlurry_5.2.0.a; sourceTree = "<group>"; };
		445B35691992CEDE0019952D /* SystemConfiguration.framework */ = {isa = PBXFileReference; lastKnownFileType = wrapper.framework; name = SystemConfiguration.framework; path = System/Library/Frameworks/SystemConfiguration.framework; sourceTree = SDKROOT; };
		446ACD461994060E00651915 /* RssParser.h */ = {isa = PBXFileReference; fileEncoding = 4; lastKnownFileType = sourcecode.c.h; path = RssParser.h; sourceTree = "<group>"; };
		446ACD471994060E00651915 /* RssParser.m */ = {isa = PBXFileReference; fileEncoding = 4; lastKnownFileType = sourcecode.c.objc; path = RssParser.m; sourceTree = "<group>"; };
		4474864C18A02C1900FA06CF /* IntroViewController.h */ = {isa = PBXFileReference; fileEncoding = 4; lastKnownFileType = sourcecode.c.h; path = IntroViewController.h; sourceTree = "<group>"; };
		4474864D18A02C1900FA06CF /* IntroViewController.m */ = {isa = PBXFileReference; fileEncoding = 4; lastKnownFileType = sourcecode.c.objc; path = IntroViewController.m; sourceTree = "<group>"; };
		4474865118A0655B00FA06CF /* SectionOneViewController.h */ = {isa = PBXFileReference; fileEncoding = 4; lastKnownFileType = sourcecode.c.h; path = SectionOneViewController.h; sourceTree = "<group>"; };
		4474865218A0655B00FA06CF /* SectionOneViewController.m */ = {isa = PBXFileReference; fileEncoding = 4; lastKnownFileType = sourcecode.c.objc; path = SectionOneViewController.m; sourceTree = "<group>"; };
		4474865418A070DB00FA06CF /* youtube.html */ = {isa = PBXFileReference; fileEncoding = 4; lastKnownFileType = text.html; path = youtube.html; sourceTree = "<group>"; };
		4474865E18A1DD4900FA06CF /* CoreImage.framework */ = {isa = PBXFileReference; lastKnownFileType = wrapper.framework; name = CoreImage.framework; path = System/Library/Frameworks/CoreImage.framework; sourceTree = SDKROOT; };
		4474866018A1DD5100FA06CF /* QuartzCore.framework */ = {isa = PBXFileReference; lastKnownFileType = wrapper.framework; name = QuartzCore.framework; path = System/Library/Frameworks/QuartzCore.framework; sourceTree = SDKROOT; };
		44870E2018A7DC2500B5F9F4 /* VideoMasterViewController.h */ = {isa = PBXFileReference; fileEncoding = 4; lastKnownFileType = sourcecode.c.h; path = VideoMasterViewController.h; sourceTree = "<group>"; };
		44870E2118A7DC2500B5F9F4 /* VideoMasterViewController.m */ = {isa = PBXFileReference; fileEncoding = 4; lastKnownFileType = sourcecode.c.objc; path = VideoMasterViewController.m; sourceTree = "<group>"; };
		44870E2318A7DCD000B5F9F4 /* VideoDetailViewController.h */ = {isa = PBXFileReference; fileEncoding = 4; lastKnownFileType = sourcecode.c.h; path = VideoDetailViewController.h; sourceTree = "<group>"; };
		44870E2418A7DCD000B5F9F4 /* VideoDetailViewController.m */ = {isa = PBXFileReference; fileEncoding = 4; lastKnownFileType = sourcecode.c.objc; path = VideoDetailViewController.m; sourceTree = "<group>"; };
		44C1338E18BBC46C00D64DA5 /* SectionThreeViewController.h */ = {isa = PBXFileReference; fileEncoding = 4; lastKnownFileType = sourcecode.c.h; path = SectionThreeViewController.h; sourceTree = "<group>"; };
		44C1338F18BBC46C00D64DA5 /* SectionThreeViewController.m */ = {isa = PBXFileReference; fileEncoding = 4; lastKnownFileType = sourcecode.c.objc; path = SectionThreeViewController.m; sourceTree = "<group>"; };
		44C2A02818BC14EE007808B8 /* Converged.txt */ = {isa = PBXFileReference; fileEncoding = 4; lastKnownFileType = text; name = Converged.txt; path = ../Converged.txt; sourceTree = "<group>"; };
		44C2A02A18BC2373007808B8 /* Cloud.txt */ = {isa = PBXFileReference; fileEncoding = 4; lastKnownFileType = text; name = Cloud.txt; path = ../Cloud.txt; sourceTree = "<group>"; };
		44C2A02B18BC2373007808B8 /* Flash.txt */ = {isa = PBXFileReference; fileEncoding = 4; lastKnownFileType = text; name = Flash.txt; path = ../Flash.txt; sourceTree = "<group>"; };
		44C2A02C18BC2373007808B8 /* ScaleOut.txt */ = {isa = PBXFileReference; fileEncoding = 4; lastKnownFileType = text; name = ScaleOut.txt; path = ../ScaleOut.txt; sourceTree = "<group>"; };
		44C2A02D18BC2373007808B8 /* SoftwareDefined.txt */ = {isa = PBXFileReference; fileEncoding = 4; lastKnownFileType = text; name = SoftwareDefined.txt; path = ../SoftwareDefined.txt; sourceTree = "<group>"; };
		44C2A03218BC3162007808B8 /* UIView+Animation.h */ = {isa = PBXFileReference; fileEncoding = 4; lastKnownFileType = sourcecode.c.h; path = "UIView+Animation.h"; sourceTree = "<group>"; };
		44C2A03318BC3162007808B8 /* UIView+Animation.m */ = {isa = PBXFileReference; fileEncoding = 4; lastKnownFileType = sourcecode.c.objc; path = "UIView+Animation.m"; sourceTree = "<group>"; };
		44C2A03518BC36EF007808B8 /* SectionTwoViewController.h */ = {isa = PBXFileReference; fileEncoding = 4; lastKnownFileType = sourcecode.c.h; path = SectionTwoViewController.h; sourceTree = "<group>"; };
		44C2A03618BC36EF007808B8 /* SectionTwoViewController.m */ = {isa = PBXFileReference; fileEncoding = 4; lastKnownFileType = sourcecode.c.objc; path = SectionTwoViewController.m; sourceTree = "<group>"; };
		44D7698E189484410060617F /* GetToKnowUs.app */ = {isa = PBXFileReference; explicitFileType = wrapper.application; includeInIndex = 0; path = GetToKnowUs.app; sourceTree = BUILT_PRODUCTS_DIR; };
		44D76991189484410060617F /* Foundation.framework */ = {isa = PBXFileReference; lastKnownFileType = wrapper.framework; name = Foundation.framework; path = System/Library/Frameworks/Foundation.framework; sourceTree = SDKROOT; };
		44D76993189484410060617F /* CoreGraphics.framework */ = {isa = PBXFileReference; lastKnownFileType = wrapper.framework; name = CoreGraphics.framework; path = System/Library/Frameworks/CoreGraphics.framework; sourceTree = SDKROOT; };
		44D76995189484410060617F /* UIKit.framework */ = {isa = PBXFileReference; lastKnownFileType = wrapper.framework; name = UIKit.framework; path = System/Library/Frameworks/UIKit.framework; sourceTree = SDKROOT; };
		44D76999189484410060617F /* GetToKnowUs-Info.plist */ = {isa = PBXFileReference; lastKnownFileType = text.plist.xml; path = "GetToKnowUs-Info.plist"; sourceTree = "<group>"; };
		44D7699B189484410060617F /* en */ = {isa = PBXFileReference; lastKnownFileType = text.plist.strings; name = en; path = en.lproj/InfoPlist.strings; sourceTree = "<group>"; };
		44D7699D189484410060617F /* main.m */ = {isa = PBXFileReference; lastKnownFileType = sourcecode.c.objc; path = main.m; sourceTree = "<group>"; };
		44D7699F189484410060617F /* GetToKnowUs-Prefix.pch */ = {isa = PBXFileReference; lastKnownFileType = sourcecode.c.h; path = "GetToKnowUs-Prefix.pch"; sourceTree = "<group>"; };
		44D769A0189484410060617F /* AppDelegate.h */ = {isa = PBXFileReference; lastKnownFileType = sourcecode.c.h; path = AppDelegate.h; sourceTree = "<group>"; };
		44D769A1189484410060617F /* AppDelegate.m */ = {isa = PBXFileReference; lastKnownFileType = sourcecode.c.objc; path = AppDelegate.m; sourceTree = "<group>"; };
		44D769A4189484410060617F /* Base */ = {isa = PBXFileReference; lastKnownFileType = file.storyboard; name = Base; path = Base.lproj/Main.storyboard; sourceTree = "<group>"; };
		44D769A6189484410060617F /* MasterViewController.h */ = {isa = PBXFileReference; lastKnownFileType = sourcecode.c.h; path = MasterViewController.h; sourceTree = "<group>"; };
		44D769A7189484410060617F /* MasterViewController.m */ = {isa = PBXFileReference; lastKnownFileType = sourcecode.c.objc; path = MasterViewController.m; sourceTree = "<group>"; };
		44D769A9189484410060617F /* DetailViewController.h */ = {isa = PBXFileReference; lastKnownFileType = sourcecode.c.h; path = DetailViewController.h; sourceTree = "<group>"; };
		44D769AA189484410060617F /* DetailViewController.m */ = {isa = PBXFileReference; lastKnownFileType = sourcecode.c.objc; path = DetailViewController.m; sourceTree = "<group>"; };
		44D769AC189484410060617F /* Images.xcassets */ = {isa = PBXFileReference; lastKnownFileType = folder.assetcatalog; path = Images.xcassets; sourceTree = "<group>"; };
		44D769B2189484410060617F /* GetToKnowUsTests.xctest */ = {isa = PBXFileReference; explicitFileType = wrapper.cfbundle; includeInIndex = 0; path = GetToKnowUsTests.xctest; sourceTree = BUILT_PRODUCTS_DIR; };
		44D769B3189484410060617F /* XCTest.framework */ = {isa = PBXFileReference; lastKnownFileType = wrapper.framework; name = XCTest.framework; path = Library/Frameworks/XCTest.framework; sourceTree = DEVELOPER_DIR; };
		44D769BB189484410060617F /* GetToKnowUsTests-Info.plist */ = {isa = PBXFileReference; lastKnownFileType = text.plist.xml; path = "GetToKnowUsTests-Info.plist"; sourceTree = "<group>"; };
		44D769BD189484410060617F /* en */ = {isa = PBXFileReference; lastKnownFileType = text.plist.strings; name = en; path = en.lproj/InfoPlist.strings; sourceTree = "<group>"; };
		44D769BF189484410060617F /* TestMachineTests.m */ = {isa = PBXFileReference; lastKnownFileType = sourcecode.c.objc; path = TestMachineTests.m; sourceTree = "<group>"; };
		44D769C918952C490060617F /* NewsAndEventsCell.h */ = {isa = PBXFileReference; fileEncoding = 4; lastKnownFileType = sourcecode.c.h; path = NewsAndEventsCell.h; sourceTree = "<group>"; };
		44D769CA18952C490060617F /* NewsAndEventsCell.m */ = {isa = PBXFileReference; fileEncoding = 4; lastKnownFileType = sourcecode.c.objc; path = NewsAndEventsCell.m; sourceTree = "<group>"; };
		44D769CB18952C490060617F /* XMLFeedItem.h */ = {isa = PBXFileReference; fileEncoding = 4; lastKnownFileType = sourcecode.c.h; path = XMLFeedItem.h; sourceTree = "<group>"; };
		44D769CC18952C490060617F /* XMLFeedItem.m */ = {isa = PBXFileReference; fileEncoding = 4; lastKnownFileType = sourcecode.c.objc; path = XMLFeedItem.m; sourceTree = "<group>"; };
		44EC830918A468C80036D1B7 /* Lato-Black.ttf */ = {isa = PBXFileReference; lastKnownFileType = file; path = "Lato-Black.ttf"; sourceTree = "<group>"; };
		44EC830A18A468C80036D1B7 /* Lato-BlackItalic.ttf */ = {isa = PBXFileReference; lastKnownFileType = file; path = "Lato-BlackItalic.ttf"; sourceTree = "<group>"; };
		44EC830B18A468C80036D1B7 /* Lato-Bold.ttf */ = {isa = PBXFileReference; lastKnownFileType = file; path = "Lato-Bold.ttf"; sourceTree = "<group>"; };
		44EC830C18A468C80036D1B7 /* Lato-BoldItalic.ttf */ = {isa = PBXFileReference; lastKnownFileType = file; path = "Lato-BoldItalic.ttf"; sourceTree = "<group>"; };
		44EC830D18A468C80036D1B7 /* Lato-Hairline.ttf */ = {isa = PBXFileReference; lastKnownFileType = file; path = "Lato-Hairline.ttf"; sourceTree = "<group>"; };
		44EC830E18A468C80036D1B7 /* Lato-HairlineItalic.ttf */ = {isa = PBXFileReference; lastKnownFileType = file; path = "Lato-HairlineItalic.ttf"; sourceTree = "<group>"; };
		44EC830F18A468C80036D1B7 /* Lato-Italic.ttf */ = {isa = PBXFileReference; lastKnownFileType = file; path = "Lato-Italic.ttf"; sourceTree = "<group>"; };
		44EC831018A468C80036D1B7 /* Lato-Light.ttf */ = {isa = PBXFileReference; lastKnownFileType = file; path = "Lato-Light.ttf"; sourceTree = "<group>"; };
		44EC831118A468C80036D1B7 /* Lato-LightItalic.ttf */ = {isa = PBXFileReference; lastKnownFileType = file; path = "Lato-LightItalic.ttf"; sourceTree = "<group>"; };
		44EC831218A468C80036D1B7 /* Lato-Regular.ttf */ = {isa = PBXFileReference; lastKnownFileType = file; path = "Lato-Regular.ttf"; sourceTree = "<group>"; };
		B8034E2518BAEEEF00A56CE9 /* webGUI-youtube.html */ = {isa = PBXFileReference; fileEncoding = 4; lastKnownFileType = text.html; name = "webGUI-youtube.html"; path = "../webGUI-youtube.html"; sourceTree = "<group>"; };
		B8034EBB18BAF05A00A56CE9 /* WebGuiViewController.h */ = {isa = PBXFileReference; fileEncoding = 4; lastKnownFileType = sourcecode.c.h; name = WebGuiViewController.h; path = ../WebGuiViewController.h; sourceTree = "<group>"; };
		B8034EBC18BAF05A00A56CE9 /* WebGuiViewController.m */ = {isa = PBXFileReference; fileEncoding = 4; lastKnownFileType = sourcecode.c.objc; name = WebGuiViewController.m; path = ../WebGuiViewController.m; sourceTree = "<group>"; };
		B8034EBE18BAF6FC00A56CE9 /* InteractiveWebGuiViewController.h */ = {isa = PBXFileReference; fileEncoding = 4; lastKnownFileType = sourcecode.c.h; name = InteractiveWebGuiViewController.h; path = ../InteractiveWebGuiViewController.h; sourceTree = "<group>"; };
		B8034EBF18BAF6FC00A56CE9 /* InteractiveWebGuiViewController.m */ = {isa = PBXFileReference; fileEncoding = 4; lastKnownFileType = sourcecode.c.objc; name = InteractiveWebGuiViewController.m; path = ../InteractiveWebGuiViewController.m; sourceTree = "<group>"; };
		CF93CE48740A4AA3A2AE3F06 /* Pods.xcconfig */ = {isa = PBXFileReference; includeInIndex = 1; lastKnownFileType = text.xcconfig; name = Pods.xcconfig; path = Pods/Pods.xcconfig; sourceTree = "<group>"; };
		E1D27575FFC9492DB01E3C50 /* libPods.a */ = {isa = PBXFileReference; explicitFileType = archive.ar; includeInIndex = 0; path = libPods.a; sourceTree = BUILT_PRODUCTS_DIR; };
/* End PBXFileReference section */

/* Begin PBXFrameworksBuildPhase section */
		44D7698B189484410060617F /* Frameworks */ = {
			isa = PBXFrameworksBuildPhase;
			buildActionMask = 2147483647;
			files = (
				445B356A1992CEDE0019952D /* SystemConfiguration.framework in Frameworks */,
				445B35681992CEAB0019952D /* libFlurry_5.2.0.a in Frameworks */,
				4474866118A1DD5100FA06CF /* QuartzCore.framework in Frameworks */,
				4474865F18A1DD4900FA06CF /* CoreImage.framework in Frameworks */,
				44D76994189484410060617F /* CoreGraphics.framework in Frameworks */,
				44D76996189484410060617F /* UIKit.framework in Frameworks */,
				44D76992189484410060617F /* Foundation.framework in Frameworks */,
				900149F030184CB6A9552289 /* libPods.a in Frameworks */,
			);
			runOnlyForDeploymentPostprocessing = 0;
		};
		44D769AF189484410060617F /* Frameworks */ = {
			isa = PBXFrameworksBuildPhase;
			buildActionMask = 2147483647;
			files = (
				44D769B4189484410060617F /* XCTest.framework in Frameworks */,
				44D769B6189484410060617F /* UIKit.framework in Frameworks */,
				44D769B5189484410060617F /* Foundation.framework in Frameworks */,
			);
			runOnlyForDeploymentPostprocessing = 0;
		};
/* End PBXFrameworksBuildPhase section */

/* Begin PBXGroup section */
		445B341F1992C4820019952D /* Fonts */ = {
			isa = PBXGroup;
			children = (
				445B34201992C4BA0019952D /* GothamRnd-Bold.ttf */,
				445B34211992C4BA0019952D /* GothamRnd-BoldIta.ttf */,
				445B34221992C4BA0019952D /* GothamRnd-Book.ttf */,
				445B34231992C4BA0019952D /* GothamRnd-BookIta.ttf */,
				445B34241992C4BA0019952D /* GothamRnd-Light.ttf */,
				445B34251992C4BA0019952D /* GothamRnd-LightIta.ttf */,
				445B34261992C4BA0019952D /* GothamRnd-MedIta.ttf */,
				445B34271992C4BA0019952D /* GothamRnd-Medium.ttf */,
				44EC831018A468C80036D1B7 /* Lato-Light.ttf */,
				44EC831118A468C80036D1B7 /* Lato-LightItalic.ttf */,
				44EC831218A468C80036D1B7 /* Lato-Regular.ttf */,
				441601DF189E73B20065B4F3 /* Montserrat-Bold.ttf */,
				441601E0189E73B20065B4F3 /* Montserrat-Regular.ttf */,
				44EC830918A468C80036D1B7 /* Lato-Black.ttf */,
				44EC830A18A468C80036D1B7 /* Lato-BlackItalic.ttf */,
				44EC830B18A468C80036D1B7 /* Lato-Bold.ttf */,
				44EC830C18A468C80036D1B7 /* Lato-BoldItalic.ttf */,
				44EC830D18A468C80036D1B7 /* Lato-Hairline.ttf */,
				44EC830E18A468C80036D1B7 /* Lato-HairlineItalic.ttf */,
				44EC830F18A468C80036D1B7 /* Lato-Italic.ttf */,
			);
			name = Fonts;
			sourceTree = "<group>";
		};
		445B35651992CEAB0019952D /* Flurry */ = {
			isa = PBXGroup;
			children = (
				445B35661992CEAB0019952D /* Flurry.h */,
				445B35671992CEAB0019952D /* libFlurry_5.2.0.a */,
			);
			path = Flurry;
			sourceTree = "<group>";
		};
		446ACD45199405EA00651915 /* Services */ = {
			isa = PBXGroup;
			children = (
				446ACD461994060E00651915 /* RssParser.h */,
				446ACD471994060E00651915 /* RssParser.m */,
			);
			name = Services;
			sourceTree = "<group>";
		};
		448411FD18BB9F910065D5C3 /* ViewControllers */ = {
			isa = PBXGroup;
			children = (
				44C2A03518BC36EF007808B8 /* SectionTwoViewController.h */,
				44C2A03618BC36EF007808B8 /* SectionTwoViewController.m */,
				44C1338E18BBC46C00D64DA5 /* SectionThreeViewController.h */,
				44C1338F18BBC46C00D64DA5 /* SectionThreeViewController.m */,
				B8034EBE18BAF6FC00A56CE9 /* InteractiveWebGuiViewController.h */,
				B8034EBF18BAF6FC00A56CE9 /* InteractiveWebGuiViewController.m */,
				B8034EBB18BAF05A00A56CE9 /* WebGuiViewController.h */,
				B8034EBC18BAF05A00A56CE9 /* WebGuiViewController.m */,
				44870E2318A7DCD000B5F9F4 /* VideoDetailViewController.h */,
				44870E2418A7DCD000B5F9F4 /* VideoDetailViewController.m */,
				44870E2018A7DC2500B5F9F4 /* VideoMasterViewController.h */,
				44870E2118A7DC2500B5F9F4 /* VideoMasterViewController.m */,
				4474865118A0655B00FA06CF /* SectionOneViewController.h */,
				4474865218A0655B00FA06CF /* SectionOneViewController.m */,
				4474864C18A02C1900FA06CF /* IntroViewController.h */,
				4474864D18A02C1900FA06CF /* IntroViewController.m */,
				44D769A6189484410060617F /* MasterViewController.h */,
				44D769A7189484410060617F /* MasterViewController.m */,
				44D769A9189484410060617F /* DetailViewController.h */,
				44D769AA189484410060617F /* DetailViewController.m */,
			);
			name = ViewControllers;
			sourceTree = "<group>";
		};
		448411FE18BB9FB60065D5C3 /* Custom */ = {
			isa = PBXGroup;
			children = (
				44C2A03218BC3162007808B8 /* UIView+Animation.h */,
				44C2A03318BC3162007808B8 /* UIView+Animation.m */,
				44D769C918952C490060617F /* NewsAndEventsCell.h */,
				44D769CA18952C490060617F /* NewsAndEventsCell.m */,
				44D769CB18952C490060617F /* XMLFeedItem.h */,
				44D769CC18952C490060617F /* XMLFeedItem.m */,
			);
			name = Custom;
			sourceTree = "<group>";
		};
		44D76985189484410060617F = {
			isa = PBXGroup;
			children = (
				445B35651992CEAB0019952D /* Flurry */,
				44D76997189484410060617F /* GreenMachine */,
				44D769B9189484410060617F /* GreenMachineTests */,
				44D76990189484410060617F /* Frameworks */,
				44D7698F189484410060617F /* Products */,
				CF93CE48740A4AA3A2AE3F06 /* Pods.xcconfig */,
			);
			sourceTree = "<group>";
		};
		44D7698F189484410060617F /* Products */ = {
			isa = PBXGroup;
			children = (
				44D7698E189484410060617F /* GetToKnowUs.app */,
				44D769B2189484410060617F /* GetToKnowUsTests.xctest */,
			);
			name = Products;
			sourceTree = "<group>";
		};
		44D76990189484410060617F /* Frameworks */ = {
			isa = PBXGroup;
			children = (
				445B35691992CEDE0019952D /* SystemConfiguration.framework */,
				4474866018A1DD5100FA06CF /* QuartzCore.framework */,
				4474865E18A1DD4900FA06CF /* CoreImage.framework */,
				44D76991189484410060617F /* Foundation.framework */,
				44D76993189484410060617F /* CoreGraphics.framework */,
				44D76995189484410060617F /* UIKit.framework */,
				44D769B3189484410060617F /* XCTest.framework */,
				E1D27575FFC9492DB01E3C50 /* libPods.a */,
			);
			name = Frameworks;
			sourceTree = "<group>";
		};
		44D76997189484410060617F /* GreenMachine */ = {
			isa = PBXGroup;
			children = (
				446ACD45199405EA00651915 /* Services */,
				448411FE18BB9FB60065D5C3 /* Custom */,
				448411FD18BB9F910065D5C3 /* ViewControllers */,
				44D769A0189484410060617F /* AppDelegate.h */,
				44D769A1189484410060617F /* AppDelegate.m */,
				44D769A3189484410060617F /* Main.storyboard */,
				44D769AC189484410060617F /* Images.xcassets */,
				44D76998189484410060617F /* Supporting Files */,
			);
			name = GreenMachine;
			path = TestMachine;
			sourceTree = "<group>";
		};
		44D76998189484410060617F /* Supporting Files */ = {
			isa = PBXGroup;
			children = (
				44C2A02A18BC2373007808B8 /* Cloud.txt */,
				44C2A02B18BC2373007808B8 /* Flash.txt */,
				44C2A02C18BC2373007808B8 /* ScaleOut.txt */,
				44C2A02D18BC2373007808B8 /* SoftwareDefined.txt */,
				44C2A02818BC14EE007808B8 /* Converged.txt */,
				B8034E2518BAEEEF00A56CE9 /* webGUI-youtube.html */,
				4474865418A070DB00FA06CF /* youtube.html */,
				445B341F1992C4820019952D /* Fonts */,
				44D76999189484410060617F /* GetToKnowUs-Info.plist */,
				44D7699A189484410060617F /* InfoPlist.strings */,
				44D7699D189484410060617F /* main.m */,
				44D7699F189484410060617F /* GetToKnowUs-Prefix.pch */,
			);
			name = "Supporting Files";
			sourceTree = "<group>";
		};
		44D769B9189484410060617F /* GreenMachineTests */ = {
			isa = PBXGroup;
			children = (
				44D769BF189484410060617F /* TestMachineTests.m */,
				44D769BA189484410060617F /* Supporting Files */,
			);
			name = GreenMachineTests;
			path = TestMachineTests;
			sourceTree = "<group>";
		};
		44D769BA189484410060617F /* Supporting Files */ = {
			isa = PBXGroup;
			children = (
				44D769BB189484410060617F /* GetToKnowUsTests-Info.plist */,
				44D769BC189484410060617F /* InfoPlist.strings */,
			);
			name = "Supporting Files";
			sourceTree = "<group>";
		};
/* End PBXGroup section */

/* Begin PBXNativeTarget section */
		44D7698D189484410060617F /* GetToKnowUs */ = {
			isa = PBXNativeTarget;
			buildConfigurationList = 44D769C3189484410060617F /* Build configuration list for PBXNativeTarget "GetToKnowUs" */;
			buildPhases = (
				48A86217F19C41F38F9FBE59 /* Check Pods Manifest.lock */,
				44D7698A189484410060617F /* Sources */,
				44D7698B189484410060617F /* Frameworks */,
				44D7698C189484410060617F /* Resources */,
				CA42FC0CEA97468D8ADBEC09 /* Copy Pods Resources */,
			);
			buildRules = (
			);
			dependencies = (
			);
			name = GetToKnowUs;
			productName = TestMachine;
			productReference = 44D7698E189484410060617F /* GetToKnowUs.app */;
			productType = "com.apple.product-type.application";
		};
		44D769B1189484410060617F /* GetToKnowUsTests */ = {
			isa = PBXNativeTarget;
			buildConfigurationList = 44D769C6189484410060617F /* Build configuration list for PBXNativeTarget "GetToKnowUsTests" */;
			buildPhases = (
				44D769AE189484410060617F /* Sources */,
				44D769AF189484410060617F /* Frameworks */,
				44D769B0189484410060617F /* Resources */,
			);
			buildRules = (
			);
			dependencies = (
				44D769B8189484410060617F /* PBXTargetDependency */,
			);
			name = GetToKnowUsTests;
			productName = TestMachineTests;
			productReference = 44D769B2189484410060617F /* GetToKnowUsTests.xctest */;
			productType = "com.apple.product-type.bundle.unit-test";
		};
/* End PBXNativeTarget section */

/* Begin PBXProject section */
		44D76986189484410060617F /* Project object */ = {
			isa = PBXProject;
			attributes = {
				LastUpgradeCheck = 0500;
				ORGANIZATIONNAME = "James Oxenford";
				TargetAttributes = {
					44D7698D189484410060617F = {
						DevelopmentTeam = F68PJ4G94V;
					};
					44D769B1189484410060617F = {
						TestTargetID = 44D7698D189484410060617F;
					};
				};
			};
			buildConfigurationList = 44D76989189484410060617F /* Build configuration list for PBXProject "GetToKnowUs" */;
			compatibilityVersion = "Xcode 3.2";
			developmentRegion = English;
			hasScannedForEncodings = 0;
			knownRegions = (
				en,
				Base,
			);
			mainGroup = 44D76985189484410060617F;
			productRefGroup = 44D7698F189484410060617F /* Products */;
			projectDirPath = "";
			projectRoot = "";
			targets = (
				44D7698D189484410060617F /* GetToKnowUs */,
				44D769B1189484410060617F /* GetToKnowUsTests */,
			);
		};
/* End PBXProject section */

/* Begin PBXResourcesBuildPhase section */
		44D7698C189484410060617F /* Resources */ = {
			isa = PBXResourcesBuildPhase;
			buildActionMask = 2147483647;
			files = (
				44C2A02918BC14EE007808B8 /* Converged.txt in Resources */,
				445B34291992C4BA0019952D /* GothamRnd-BoldIta.ttf in Resources */,
				44C2A03018BC2373007808B8 /* ScaleOut.txt in Resources */,
				44EC831A18A468C80036D1B7 /* Lato-Light.ttf in Resources */,
				441601E2189E73B20065B4F3 /* Montserrat-Bold.ttf in Resources */,
				445B342E1992C4BA0019952D /* GothamRnd-MedIta.ttf in Resources */,
				445B342B1992C4BA0019952D /* GothamRnd-BookIta.ttf in Resources */,
				44D769AD189484410060617F /* Images.xcassets in Resources */,
				445B342F1992C4BA0019952D /* GothamRnd-Medium.ttf in Resources */,
				44EC831C18A468C80036D1B7 /* Lato-Regular.ttf in Resources */,
				44EC831818A468C80036D1B7 /* Lato-HairlineItalic.ttf in Resources */,
				445B342D1992C4BA0019952D /* GothamRnd-LightIta.ttf in Resources */,
				445B342A1992C4BA0019952D /* GothamRnd-Book.ttf in Resources */,
				445B342C1992C4BA0019952D /* GothamRnd-Light.ttf in Resources */,
				44D7699C189484410060617F /* InfoPlist.strings in Resources */,
				44EC831418A468C80036D1B7 /* Lato-BlackItalic.ttf in Resources */,
				44EC831B18A468C80036D1B7 /* Lato-LightItalic.ttf in Resources */,
				44C2A03118BC2373007808B8 /* SoftwareDefined.txt in Resources */,
				B8034E2618BAEEEF00A56CE9 /* webGUI-youtube.html in Resources */,
				44EC831518A468C80036D1B7 /* Lato-Bold.ttf in Resources */,
				44EC831718A468C80036D1B7 /* Lato-Hairline.ttf in Resources */,
				441601E3189E73B20065B4F3 /* Montserrat-Regular.ttf in Resources */,
				4474865518A070DB00FA06CF /* youtube.html in Resources */,
				44C2A02E18BC2373007808B8 /* Cloud.txt in Resources */,
				445B34281992C4BA0019952D /* GothamRnd-Bold.ttf in Resources */,
				44EC831318A468C80036D1B7 /* Lato-Black.ttf in Resources */,
				44D769A5189484410060617F /* Main.storyboard in Resources */,
				44C2A02F18BC2373007808B8 /* Flash.txt in Resources */,
				44EC831918A468C80036D1B7 /* Lato-Italic.ttf in Resources */,
				44EC831618A468C80036D1B7 /* Lato-BoldItalic.ttf in Resources */,
			);
			runOnlyForDeploymentPostprocessing = 0;
		};
		44D769B0189484410060617F /* Resources */ = {
			isa = PBXResourcesBuildPhase;
			buildActionMask = 2147483647;
			files = (
				44D769BE189484410060617F /* InfoPlist.strings in Resources */,
			);
			runOnlyForDeploymentPostprocessing = 0;
		};
/* End PBXResourcesBuildPhase section */

/* Begin PBXShellScriptBuildPhase section */
		48A86217F19C41F38F9FBE59 /* Check Pods Manifest.lock */ = {
			isa = PBXShellScriptBuildPhase;
			buildActionMask = 2147483647;
			files = (
			);
			inputPaths = (
			);
			name = "Check Pods Manifest.lock";
			outputPaths = (
			);
			runOnlyForDeploymentPostprocessing = 0;
			shellPath = /bin/sh;
			shellScript = "diff \"${PODS_ROOT}/../Podfile.lock\" \"${PODS_ROOT}/Manifest.lock\" > /dev/null\nif [[ $? != 0 ]] ; then\n    cat << EOM\nerror: The sandbox is not in sync with the Podfile.lock. Run 'pod install' or update your CocoaPods installation.\nEOM\n    exit 1\nfi\n";
			showEnvVarsInLog = 0;
		};
		CA42FC0CEA97468D8ADBEC09 /* Copy Pods Resources */ = {
			isa = PBXShellScriptBuildPhase;
			buildActionMask = 2147483647;
			files = (
			);
			inputPaths = (
			);
			name = "Copy Pods Resources";
			outputPaths = (
			);
			runOnlyForDeploymentPostprocessing = 0;
			shellPath = /bin/sh;
			shellScript = "\"${SRCROOT}/Pods/Pods-resources.sh\"\n";
			showEnvVarsInLog = 0;
		};
/* End PBXShellScriptBuildPhase section */

/* Begin PBXSourcesBuildPhase section */
		44D7698A189484410060617F /* Sources */ = {
			isa = PBXSourcesBuildPhase;
			buildActionMask = 2147483647;
			files = (
				44C2A03418BC3162007808B8 /* UIView+Animation.m in Sources */,
				44C2A03718BC36EF007808B8 /* SectionTwoViewController.m in Sources */,
				44D769A2189484410060617F /* AppDelegate.m in Sources */,
				B8034EBD18BAF05A00A56CE9 /* WebGuiViewController.m in Sources */,
				44D769CD18952C490060617F /* NewsAndEventsCell.m in Sources */,
				44C1339018BBC46C00D64DA5 /* SectionThreeViewController.m in Sources */,
				44870E2518A7DCD000B5F9F4 /* VideoDetailViewController.m in Sources */,
				44870E2218A7DC2500B5F9F4 /* VideoMasterViewController.m in Sources */,
				4474864E18A02C1900FA06CF /* IntroViewController.m in Sources */,
				4474865318A0655B00FA06CF /* SectionOneViewController.m in Sources */,
				44D769A8189484410060617F /* MasterViewController.m in Sources */,
				446ACD481994060E00651915 /* RssParser.m in Sources */,
				44D7699E189484410060617F /* main.m in Sources */,
				44D769CE18952C490060617F /* XMLFeedItem.m in Sources */,
				B8034EC018BAF6FC00A56CE9 /* InteractiveWebGuiViewController.m in Sources */,
				44D769AB189484410060617F /* DetailViewController.m in Sources */,
			);
			runOnlyForDeploymentPostprocessing = 0;
		};
		44D769AE189484410060617F /* Sources */ = {
			isa = PBXSourcesBuildPhase;
			buildActionMask = 2147483647;
			files = (
				44D769C0189484410060617F /* TestMachineTests.m in Sources */,
			);
			runOnlyForDeploymentPostprocessing = 0;
		};
/* End PBXSourcesBuildPhase section */

/* Begin PBXTargetDependency section */
		44D769B8189484410060617F /* PBXTargetDependency */ = {
			isa = PBXTargetDependency;
			target = 44D7698D189484410060617F /* GetToKnowUs */;
			targetProxy = 44D769B7189484410060617F /* PBXContainerItemProxy */;
		};
/* End PBXTargetDependency section */

/* Begin PBXVariantGroup section */
		44D7699A189484410060617F /* InfoPlist.strings */ = {
			isa = PBXVariantGroup;
			children = (
				44D7699B189484410060617F /* en */,
			);
			name = InfoPlist.strings;
			sourceTree = "<group>";
		};
		44D769A3189484410060617F /* Main.storyboard */ = {
			isa = PBXVariantGroup;
			children = (
				44D769A4189484410060617F /* Base */,
			);
			name = Main.storyboard;
			sourceTree = "<group>";
		};
		44D769BC189484410060617F /* InfoPlist.strings */ = {
			isa = PBXVariantGroup;
			children = (
				44D769BD189484410060617F /* en */,
			);
			name = InfoPlist.strings;
			sourceTree = "<group>";
		};
/* End PBXVariantGroup section */

/* Begin XCBuildConfiguration section */
		44D769C1189484410060617F /* Debug */ = {
			isa = XCBuildConfiguration;
			buildSettings = {
				ALWAYS_SEARCH_USER_PATHS = NO;
				ARCHS = "$(ARCHS_STANDARD_INCLUDING_64_BIT)";
				CLANG_CXX_LANGUAGE_STANDARD = "gnu++0x";
				CLANG_CXX_LIBRARY = "libc++";
				CLANG_ENABLE_MODULES = YES;
				CLANG_ENABLE_OBJC_ARC = YES;
				CLANG_WARN_BOOL_CONVERSION = YES;
				CLANG_WARN_CONSTANT_CONVERSION = YES;
				CLANG_WARN_DIRECT_OBJC_ISA_USAGE = YES_ERROR;
				CLANG_WARN_EMPTY_BODY = YES;
				CLANG_WARN_ENUM_CONVERSION = YES;
				CLANG_WARN_INT_CONVERSION = YES;
				CLANG_WARN_OBJC_ROOT_CLASS = YES_ERROR;
				CLANG_WARN__DUPLICATE_METHOD_MATCH = YES;
				"CODE_SIGN_IDENTITY[sdk=iphoneos*]" = "iPhone Developer";
				COPY_PHASE_STRIP = NO;
				GCC_C_LANGUAGE_STANDARD = gnu99;
				GCC_DYNAMIC_NO_PIC = NO;
				GCC_OPTIMIZATION_LEVEL = 0;
				GCC_PREPROCESSOR_DEFINITIONS = (
					"DEBUG=1",
					"$(inherited)",
				);
				GCC_SYMBOLS_PRIVATE_EXTERN = NO;
				GCC_WARN_64_TO_32_BIT_CONVERSION = YES;
				GCC_WARN_ABOUT_RETURN_TYPE = YES_ERROR;
				GCC_WARN_UNDECLARED_SELECTOR = YES;
				GCC_WARN_UNINITIALIZED_AUTOS = YES;
				GCC_WARN_UNUSED_FUNCTION = YES;
				GCC_WARN_UNUSED_VARIABLE = YES;
				IPHONEOS_DEPLOYMENT_TARGET = 7.0;
				ONLY_ACTIVE_ARCH = YES;
				SDKROOT = iphoneos;
				TARGETED_DEVICE_FAMILY = 2;
			};
			name = Debug;
		};
		44D769C2189484410060617F /* Release */ = {
			isa = XCBuildConfiguration;
			buildSettings = {
				ALWAYS_SEARCH_USER_PATHS = NO;
				ARCHS = "$(ARCHS_STANDARD_INCLUDING_64_BIT)";
				CLANG_CXX_LANGUAGE_STANDARD = "gnu++0x";
				CLANG_CXX_LIBRARY = "libc++";
				CLANG_ENABLE_MODULES = YES;
				CLANG_ENABLE_OBJC_ARC = YES;
				CLANG_WARN_BOOL_CONVERSION = YES;
				CLANG_WARN_CONSTANT_CONVERSION = YES;
				CLANG_WARN_DIRECT_OBJC_ISA_USAGE = YES_ERROR;
				CLANG_WARN_EMPTY_BODY = YES;
				CLANG_WARN_ENUM_CONVERSION = YES;
				CLANG_WARN_INT_CONVERSION = YES;
				CLANG_WARN_OBJC_ROOT_CLASS = YES_ERROR;
				CLANG_WARN__DUPLICATE_METHOD_MATCH = YES;
				"CODE_SIGN_IDENTITY[sdk=iphoneos*]" = "iPhone Developer";
				COPY_PHASE_STRIP = YES;
				ENABLE_NS_ASSERTIONS = NO;
				GCC_C_LANGUAGE_STANDARD = gnu99;
				GCC_WARN_64_TO_32_BIT_CONVERSION = YES;
				GCC_WARN_ABOUT_RETURN_TYPE = YES_ERROR;
				GCC_WARN_UNDECLARED_SELECTOR = YES;
				GCC_WARN_UNINITIALIZED_AUTOS = YES;
				GCC_WARN_UNUSED_FUNCTION = YES;
				GCC_WARN_UNUSED_VARIABLE = YES;
				IPHONEOS_DEPLOYMENT_TARGET = 7.0;
				SDKROOT = iphoneos;
				TARGETED_DEVICE_FAMILY = 2;
				VALIDATE_PRODUCT = YES;
			};
			name = Release;
		};
		44D769C4189484410060617F /* Debug */ = {
			isa = XCBuildConfiguration;
			baseConfigurationReference = CF93CE48740A4AA3A2AE3F06 /* Pods.xcconfig */;
			buildSettings = {
				ASSETCATALOG_COMPILER_APPICON_NAME = AppIcon;
				ASSETCATALOG_COMPILER_LAUNCHIMAGE_NAME = LaunchImage;
				CODE_SIGN_IDENTITY = "iPhone Developer: Timothy Federwitz (5YZ2C9AU7L)";
				"CODE_SIGN_IDENTITY[sdk=iphoneos*]" = "iPhone Developer: Timothy Federwitz (5YZ2C9AU7L)";
				GCC_PRECOMPILE_PREFIX_HEADER = YES;
				GCC_PREFIX_HEADER = "TestMachine/GetToKnowUs-Prefix.pch";
				INFOPLIST_FILE = "TestMachine/GetToKnowUs-Info.plist";
				LIBRARY_SEARCH_PATHS = (
					"$(inherited)",
					"$(PROJECT_DIR)/Flurry-iOS-5.2.0/Flurry",
					"$(PROJECT_DIR)/Flurry-iOS-5.2.0/FlurryAds",
					"$(PROJECT_DIR)/Flurry",
				);
				PRODUCT_NAME = GetToKnowUs;
				PROVISIONING_PROFILE = "430A2768-61B9-4A82-8C8B-56781D6A016F";
				WRAPPER_EXTENSION = app;
			};
			name = Debug;
		};
		44D769C5189484410060617F /* Release */ = {
			isa = XCBuildConfiguration;
			baseConfigurationReference = CF93CE48740A4AA3A2AE3F06 /* Pods.xcconfig */;
			buildSettings = {
				ASSETCATALOG_COMPILER_APPICON_NAME = AppIcon;
				ASSETCATALOG_COMPILER_LAUNCHIMAGE_NAME = LaunchImage;
				CODE_SIGN_IDENTITY = "iPhone Developer: Timothy Federwitz (5YZ2C9AU7L)";
				"CODE_SIGN_IDENTITY[sdk=iphoneos*]" = "iPhone Developer: Timothy Federwitz (5YZ2C9AU7L)";
				GCC_PRECOMPILE_PREFIX_HEADER = YES;
				GCC_PREFIX_HEADER = "TestMachine/GetToKnowUs-Prefix.pch";
				INFOPLIST_FILE = "TestMachine/GetToKnowUs-Info.plist";
				LIBRARY_SEARCH_PATHS = (
					"$(inherited)",
					"$(PROJECT_DIR)/Flurry-iOS-5.2.0/Flurry",
					"$(PROJECT_DIR)/Flurry-iOS-5.2.0/FlurryAds",
					"$(PROJECT_DIR)/Flurry",
				);
				PRODUCT_NAME = GetToKnowUs;
				PROVISIONING_PROFILE = "430A2768-61B9-4A82-8C8B-56781D6A016F";
				WRAPPER_EXTENSION = app;
			};
			name = Release;
		};
		44D769C7189484410060617F /* Debug */ = {
			isa = XCBuildConfiguration;
			buildSettings = {
				ARCHS = "$(ARCHS_STANDARD_INCLUDING_64_BIT)";
				BUNDLE_LOADER = "$(BUILT_PRODUCTS_DIR)/TestMachine.app/TestMachine";
				FRAMEWORK_SEARCH_PATHS = (
					"$(SDKROOT)/Developer/Library/Frameworks",
					"$(inherited)",
					"$(DEVELOPER_FRAMEWORKS_DIR)",
				);
				GCC_PRECOMPILE_PREFIX_HEADER = YES;
				GCC_PREFIX_HEADER = "TestMachine/TestMachine-Prefix.pch";
				GCC_PREPROCESSOR_DEFINITIONS = (
					"DEBUG=1",
					"$(inherited)",
				);
				INFOPLIST_FILE = "TestMachineTests/GetToKnowUsTests-Info.plist";
				PRODUCT_NAME = GetToKnowUsTests;
				TEST_HOST = "$(BUNDLE_LOADER)";
				WRAPPER_EXTENSION = xctest;
			};
			name = Debug;
		};
		44D769C8189484410060617F /* Release */ = {
			isa = XCBuildConfiguration;
			buildSettings = {
				ARCHS = "$(ARCHS_STANDARD_INCLUDING_64_BIT)";
				BUNDLE_LOADER = "$(BUILT_PRODUCTS_DIR)/TestMachine.app/TestMachine";
				FRAMEWORK_SEARCH_PATHS = (
					"$(SDKROOT)/Developer/Library/Frameworks",
					"$(inherited)",
					"$(DEVELOPER_FRAMEWORKS_DIR)",
				);
				GCC_PRECOMPILE_PREFIX_HEADER = YES;
				GCC_PREFIX_HEADER = "TestMachine/TestMachine-Prefix.pch";
				INFOPLIST_FILE = "TestMachineTests/GetToKnowUsTests-Info.plist";
				PRODUCT_NAME = GetToKnowUsTests;
				TEST_HOST = "$(BUNDLE_LOADER)";
				WRAPPER_EXTENSION = xctest;
			};
			name = Release;
		};
/* End XCBuildConfiguration section */

/* Begin XCConfigurationList section */
		44D76989189484410060617F /* Build configuration list for PBXProject "GetToKnowUs" */ = {
			isa = XCConfigurationList;
			buildConfigurations = (
				44D769C1189484410060617F /* Debug */,
				44D769C2189484410060617F /* Release */,
			);
			defaultConfigurationIsVisible = 0;
			defaultConfigurationName = Release;
		};
		44D769C3189484410060617F /* Build configuration list for PBXNativeTarget "GetToKnowUs" */ = {
			isa = XCConfigurationList;
			buildConfigurations = (
				44D769C4189484410060617F /* Debug */,
				44D769C5189484410060617F /* Release */,
			);
			defaultConfigurationIsVisible = 0;
			defaultConfigurationName = Release;
		};
		44D769C6189484410060617F /* Build configuration list for PBXNativeTarget "GetToKnowUsTests" */ = {
			isa = XCConfigurationList;
			buildConfigurations = (
				44D769C7189484410060617F /* Debug */,
				44D769C8189484410060617F /* Release */,
			);
			defaultConfigurationIsVisible = 0;
			defaultConfigurationName = Release;
		};
/* End XCConfigurationList section */
	};
	rootObject = 44D76986189484410060617F /* Project object */;
}
