// !$*UTF8*$!
{
	archiveVersion = 1;
	classes = {
	};
	objectVersion = 46;
	objects = {

/* Begin PBXBuildFile section */
		44D76992189484410060617F /* Foundation.framework in Frameworks */ = {isa = PBXBuildFile; fileRef = 44D76991189484410060617F /* Foundation.framework */; };
		44D76994189484410060617F /* CoreGraphics.framework in Frameworks */ = {isa = PBXBuildFile; fileRef = 44D76993189484410060617F /* CoreGraphics.framework */; };
		44D76996189484410060617F /* UIKit.framework in Frameworks */ = {isa = PBXBuildFile; fileRef = 44D76995189484410060617F /* UIKit.framework */; };
		44D7699C189484410060617F /* InfoPlist.strings in Resources */ = {isa = PBXBuildFile; fileRef = 44D7699A189484410060617F /* InfoPlist.strings */; };
		44D7699E189484410060617F /* main.m in Sources */ = {isa = PBXBuildFile; fileRef = 44D7699D189484410060617F /* main.m */; };
		44D769A2189484410060617F /* AppDelegate.m in Sources */ = {isa = PBXBuildFile; fileRef = 44D769A1189484410060617F /* AppDelegate.m */; };
		44D769A5189484410060617F /* Main.storyboard in Resources */ = {isa = PBXBuildFile; fileRef = 44D769A3189484410060617F /* Main.storyboard */; };
		44D769A8189484410060617F /* MasterViewController.m in Sources */ = {isa = PBXBuildFile; fileRef = 44D769A7189484410060617F /* MasterViewController.m */; };
		44D769AB189484410060617F /* DetailViewController.m in Sources */ = {isa = PBXBuildFile; fileRef = 44D769AA189484410060617F /* DetailViewController.m */; };
		44D769AD189484410060617F /* Images.xcassets in Resources */ = {isa = PBXBuildFile; fileRef = 44D769AC189484410060617F /* Images.xcassets */; };
		44D769B4189484410060617F /* XCTest.framework in Frameworks */ = {isa = PBXBuildFile; fileRef = 44D769B3189484410060617F /* XCTest.framework */; };
		44D769B5189484410060617F /* Foundation.framework in Frameworks */ = {isa = PBXBuildFile; fileRef = 44D76991189484410060617F /* Foundation.framework */; };
		44D769B6189484410060617F /* UIKit.framework in Frameworks */ = {isa = PBXBuildFile; fileRef = 44D76995189484410060617F /* UIKit.framework */; };
		44D769BE189484410060617F /* InfoPlist.strings in Resources */ = {isa = PBXBuildFile; fileRef = 44D769BC189484410060617F /* InfoPlist.strings */; };
		44D769C0189484410060617F /* TestMachineTests.m in Sources */ = {isa = PBXBuildFile; fileRef = 44D769BF189484410060617F /* TestMachineTests.m */; };
		44D769CD18952C490060617F /* NewsAndEventsCell.m in Sources */ = {isa = PBXBuildFile; fileRef = 44D769CA18952C490060617F /* NewsAndEventsCell.m */; };
		44D769CE18952C490060617F /* XMLFeedItem.m in Sources */ = {isa = PBXBuildFile; fileRef = 44D769CC18952C490060617F /* XMLFeedItem.m */; };
/* End PBXBuildFile section */

/* Begin PBXContainerItemProxy section */
		44D769B7189484410060617F /* PBXContainerItemProxy */ = {
			isa = PBXContainerItemProxy;
			containerPortal = 44D76986189484410060617F /* Project object */;
			proxyType = 1;
			remoteGlobalIDString = 44D7698D189484410060617F;
			remoteInfo = TestMachine;
		};
/* End PBXContainerItemProxy section */

/* Begin PBXFileReference section */
		44D7698E189484410060617F /* TestMachine.app */ = {isa = PBXFileReference; explicitFileType = wrapper.application; includeInIndex = 0; path = TestMachine.app; sourceTree = BUILT_PRODUCTS_DIR; };
		44D76991189484410060617F /* Foundation.framework */ = {isa = PBXFileReference; lastKnownFileType = wrapper.framework; name = Foundation.framework; path = System/Library/Frameworks/Foundation.framework; sourceTree = SDKROOT; };
		44D76993189484410060617F /* CoreGraphics.framework */ = {isa = PBXFileReference; lastKnownFileType = wrapper.framework; name = CoreGraphics.framework; path = System/Library/Frameworks/CoreGraphics.framework; sourceTree = SDKROOT; };
		44D76995189484410060617F /* UIKit.framework */ = {isa = PBXFileReference; lastKnownFileType = wrapper.framework; name = UIKit.framework; path = System/Library/Frameworks/UIKit.framework; sourceTree = SDKROOT; };
		44D76999189484410060617F /* TestMachine-Info.plist */ = {isa = PBXFileReference; lastKnownFileType = text.plist.xml; path = "TestMachine-Info.plist"; sourceTree = "<group>"; };
		44D7699B189484410060617F /* en */ = {isa = PBXFileReference; lastKnownFileType = text.plist.strings; name = en; path = en.lproj/InfoPlist.strings; sourceTree = "<group>"; };
		44D7699D189484410060617F /* main.m */ = {isa = PBXFileReference; lastKnownFileType = sourcecode.c.objc; path = main.m; sourceTree = "<group>"; };
		44D7699F189484410060617F /* TestMachine-Prefix.pch */ = {isa = PBXFileReference; lastKnownFileType = sourcecode.c.h; path = "TestMachine-Prefix.pch"; sourceTree = "<group>"; };
		44D769A0189484410060617F /* AppDelegate.h */ = {isa = PBXFileReference; lastKnownFileType = sourcecode.c.h; path = AppDelegate.h; sourceTree = "<group>"; };
		44D769A1189484410060617F /* AppDelegate.m */ = {isa = PBXFileReference; lastKnownFileType = sourcecode.c.objc; path = AppDelegate.m; sourceTree = "<group>"; };
		44D769A4189484410060617F /* Base */ = {isa = PBXFileReference; lastKnownFileType = file.storyboard; name = Base; path = Base.lproj/Main.storyboard; sourceTree = "<group>"; };
		44D769A6189484410060617F /* MasterViewController.h */ = {isa = PBXFileReference; lastKnownFileType = sourcecode.c.h; path = MasterViewController.h; sourceTree = "<group>"; };
		44D769A7189484410060617F /* MasterViewController.m */ = {isa = PBXFileReference; lastKnownFileType = sourcecode.c.objc; path = MasterViewController.m; sourceTree = "<group>"; };
		44D769A9189484410060617F /* DetailViewController.h */ = {isa = PBXFileReference; lastKnownFileType = sourcecode.c.h; path = DetailViewController.h; sourceTree = "<group>"; };
		44D769AA189484410060617F /* DetailViewController.m */ = {isa = PBXFileReference; lastKnownFileType = sourcecode.c.objc; path = DetailViewController.m; sourceTree = "<group>"; };
		44D769AC189484410060617F /* Images.xcassets */ = {isa = PBXFileReference; lastKnownFileType = folder.assetcatalog; path = Images.xcassets; sourceTree = "<group>"; };
		44D769B2189484410060617F /* TestMachineTests.xctest */ = {isa = PBXFileReference; explicitFileType = wrapper.cfbundle; includeInIndex = 0; path = TestMachineTests.xctest; sourceTree = BUILT_PRODUCTS_DIR; };
		44D769B3189484410060617F /* XCTest.framework */ = {isa = PBXFileReference; lastKnownFileType = wrapper.framework; name = XCTest.framework; path = Library/Frameworks/XCTest.framework; sourceTree = DEVELOPER_DIR; };
		44D769BB189484410060617F /* TestMachineTests-Info.plist */ = {isa = PBXFileReference; lastKnownFileType = text.plist.xml; path = "TestMachineTests-Info.plist"; sourceTree = "<group>"; };
		44D769BD189484410060617F /* en */ = {isa = PBXFileReference; lastKnownFileType = text.plist.strings; name = en; path = en.lproj/InfoPlist.strings; sourceTree = "<group>"; };
		44D769BF189484410060617F /* TestMachineTests.m */ = {isa = PBXFileReference; lastKnownFileType = sourcecode.c.objc; path = TestMachineTests.m; sourceTree = "<group>"; };
		44D769C918952C490060617F /* NewsAndEventsCell.h */ = {isa = PBXFileReference; fileEncoding = 4; lastKnownFileType = sourcecode.c.h; path = NewsAndEventsCell.h; sourceTree = "<group>"; };
		44D769CA18952C490060617F /* NewsAndEventsCell.m */ = {isa = PBXFileReference; fileEncoding = 4; lastKnownFileType = sourcecode.c.objc; path = NewsAndEventsCell.m; sourceTree = "<group>"; };
		44D769CB18952C490060617F /* XMLFeedItem.h */ = {isa = PBXFileReference; fileEncoding = 4; lastKnownFileType = sourcecode.c.h; path = XMLFeedItem.h; sourceTree = "<group>"; };
		44D769CC18952C490060617F /* XMLFeedItem.m */ = {isa = PBXFileReference; fileEncoding = 4; lastKnownFileType = sourcecode.c.objc; path = XMLFeedItem.m; sourceTree = "<group>"; };
/* End PBXFileReference section */

/* Begin PBXFrameworksBuildPhase section */
		44D7698B189484410060617F /* Frameworks */ = {
			isa = PBXFrameworksBuildPhase;
			buildActionMask = 2147483647;
			files = (
				44D76994189484410060617F /* CoreGraphics.framework in Frameworks */,
				44D76996189484410060617F /* UIKit.framework in Frameworks */,
				44D76992189484410060617F /* Foundation.framework in Frameworks */,
			);
			runOnlyForDeploymentPostprocessing = 0;
		};
		44D769AF189484410060617F /* Frameworks */ = {
			isa = PBXFrameworksBuildPhase;
			buildActionMask = 2147483647;
			files = (
				44D769B4189484410060617F /* XCTest.framework in Frameworks */,
				44D769B6189484410060617F /* UIKit.framework in Frameworks */,
				44D769B5189484410060617F /* Foundation.framework in Frameworks */,
			);
			runOnlyForDeploymentPostprocessing = 0;
		};
/* End PBXFrameworksBuildPhase section */

/* Begin PBXGroup section */
		44D76985189484410060617F = {
			isa = PBXGroup;
			children = (
				44D76997189484410060617F /* TestMachine */,
				44D769B9189484410060617F /* TestMachineTests */,
				44D76990189484410060617F /* Frameworks */,
				44D7698F189484410060617F /* Products */,
			);
			sourceTree = "<group>";
		};
		44D7698F189484410060617F /* Products */ = {
			isa = PBXGroup;
			children = (
				44D7698E189484410060617F /* TestMachine.app */,
				44D769B2189484410060617F /* TestMachineTests.xctest */,
			);
			name = Products;
			sourceTree = "<group>";
		};
		44D76990189484410060617F /* Frameworks */ = {
			isa = PBXGroup;
			children = (
				44D76991189484410060617F /* Foundation.framework */,
				44D76993189484410060617F /* CoreGraphics.framework */,
				44D76995189484410060617F /* UIKit.framework */,
				44D769B3189484410060617F /* XCTest.framework */,
			);
			name = Frameworks;
			sourceTree = "<group>";
		};
		44D76997189484410060617F /* TestMachine */ = {
			isa = PBXGroup;
			children = (
				44D769A0189484410060617F /* AppDelegate.h */,
				44D769A1189484410060617F /* AppDelegate.m */,
				44D769A3189484410060617F /* Main.storyboard */,
				44D769A6189484410060617F /* MasterViewController.h */,
				44D769A7189484410060617F /* MasterViewController.m */,
				44D769C918952C490060617F /* NewsAndEventsCell.h */,
				44D769CA18952C490060617F /* NewsAndEventsCell.m */,
				44D769CB18952C490060617F /* XMLFeedItem.h */,
				44D769CC18952C490060617F /* XMLFeedItem.m */,
				44D769A9189484410060617F /* DetailViewController.h */,
				44D769AA189484410060617F /* DetailViewController.m */,
				44D769AC189484410060617F /* Images.xcassets */,
				44D76998189484410060617F /* Supporting Files */,
			);
			path = TestMachine;
			sourceTree = "<group>";
		};
		44D76998189484410060617F /* Supporting Files */ = {
			isa = PBXGroup;
			children = (
				44D76999189484410060617F /* TestMachine-Info.plist */,
				44D7699A189484410060617F /* InfoPlist.strings */,
				44D7699D189484410060617F /* main.m */,
				44D7699F189484410060617F /* TestMachine-Prefix.pch */,
			);
			name = "Supporting Files";
			sourceTree = "<group>";
		};
		44D769B9189484410060617F /* TestMachineTests */ = {
			isa = PBXGroup;
			children = (
				44D769BF189484410060617F /* TestMachineTests.m */,
				44D769BA189484410060617F /* Supporting Files */,
			);
			path = TestMachineTests;
			sourceTree = "<group>";
		};
		44D769BA189484410060617F /* Supporting Files */ = {
			isa = PBXGroup;
			children = (
				44D769BB189484410060617F /* TestMachineTests-Info.plist */,
				44D769BC189484410060617F /* InfoPlist.strings */,
			);
			name = "Supporting Files";
			sourceTree = "<group>";
		};
/* End PBXGroup section */

/* Begin PBXNativeTarget section */
		44D7698D189484410060617F /* TestMachine */ = {
			isa = PBXNativeTarget;
			buildConfigurationList = 44D769C3189484410060617F /* Build configuration list for PBXNativeTarget "TestMachine" */;
			buildPhases = (
				44D7698A189484410060617F /* Sources */,
				44D7698B189484410060617F /* Frameworks */,
				44D7698C189484410060617F /* Resources */,
			);
			buildRules = (
			);
			dependencies = (
			);
			name = TestMachine;
			productName = TestMachine;
			productReference = 44D7698E189484410060617F /* TestMachine.app */;
			productType = "com.apple.product-type.application";
		};
		44D769B1189484410060617F /* TestMachineTests */ = {
			isa = PBXNativeTarget;
			buildConfigurationList = 44D769C6189484410060617F /* Build configuration list for PBXNativeTarget "TestMachineTests" */;
			buildPhases = (
				44D769AE189484410060617F /* Sources */,
				44D769AF189484410060617F /* Frameworks */,
				44D769B0189484410060617F /* Resources */,
			);
			buildRules = (
			);
			dependencies = (
				44D769B8189484410060617F /* PBXTargetDependency */,
			);
			name = TestMachineTests;
			productName = TestMachineTests;
			productReference = 44D769B2189484410060617F /* TestMachineTests.xctest */;
			productType = "com.apple.product-type.bundle.unit-test";
		};
/* End PBXNativeTarget section */

/* Begin PBXProject section */
		44D76986189484410060617F /* Project object */ = {
			isa = PBXProject;
			attributes = {
				LastUpgradeCheck = 0500;
				ORGANIZATIONNAME = "James Oxenford";
				TargetAttributes = {
					44D769B1189484410060617F = {
						TestTargetID = 44D7698D189484410060617F;
					};
				};
			};
			buildConfigurationList = 44D76989189484410060617F /* Build configuration list for PBXProject "TestMachine" */;
			compatibilityVersion = "Xcode 3.2";
			developmentRegion = English;
			hasScannedForEncodings = 0;
			knownRegions = (
				en,
				Base,
			);
			mainGroup = 44D76985189484410060617F;
			productRefGroup = 44D7698F189484410060617F /* Products */;
			projectDirPath = "";
			projectRoot = "";
			targets = (
				44D7698D189484410060617F /* TestMachine */,
				44D769B1189484410060617F /* TestMachineTests */,
			);
		};
/* End PBXProject section */

/* Begin PBXResourcesBuildPhase section */
		44D7698C189484410060617F /* Resources */ = {
			isa = PBXResourcesBuildPhase;
			buildActionMask = 2147483647;
			files = (
				44D769AD189484410060617F /* Images.xcassets in Resources */,
				44D7699C189484410060617F /* InfoPlist.strings in Resources */,
				44D769A5189484410060617F /* Main.storyboard in Resources */,
			);
			runOnlyForDeploymentPostprocessing = 0;
		};
		44D769B0189484410060617F /* Resources */ = {
			isa = PBXResourcesBuildPhase;
			buildActionMask = 2147483647;
			files = (
				44D769BE189484410060617F /* InfoPlist.strings in Resources */,
			);
			runOnlyForDeploymentPostprocessing = 0;
		};
/* End PBXResourcesBuildPhase section */

/* Begin PBXSourcesBuildPhase section */
		44D7698A189484410060617F /* Sources */ = {
			isa = PBXSourcesBuildPhase;
			buildActionMask = 2147483647;
			files = (
				44D769A2189484410060617F /* AppDelegate.m in Sources */,
				44D769CD18952C490060617F /* NewsAndEventsCell.m in Sources */,
				44D769A8189484410060617F /* MasterViewController.m in Sources */,
				44D7699E189484410060617F /* main.m in Sources */,
				44D769CE18952C490060617F /* XMLFeedItem.m in Sources */,
				44D769AB189484410060617F /* DetailViewController.m in Sources */,
			);
			runOnlyForDeploymentPostprocessing = 0;
		};
		44D769AE189484410060617F /* Sources */ = {
			isa = PBXSourcesBuildPhase;
			buildActionMask = 2147483647;
			files = (
				44D769C0189484410060617F /* TestMachineTests.m in Sources */,
			);
			runOnlyForDeploymentPostprocessing = 0;
		};
/* End PBXSourcesBuildPhase section */

/* Begin PBXTargetDependency section */
		44D769B8189484410060617F /* PBXTargetDependency */ = {
			isa = PBXTargetDependency;
			target = 44D7698D189484410060617F /* TestMachine */;
			targetProxy = 44D769B7189484410060617F /* PBXContainerItemProxy */;
		};
/* End PBXTargetDependency section */

/* Begin PBXVariantGroup section */
		44D7699A189484410060617F /* InfoPlist.strings */ = {
			isa = PBXVariantGroup;
			children = (
				44D7699B189484410060617F /* en */,
			);
			name = InfoPlist.strings;
			sourceTree = "<group>";
		};
		44D769A3189484410060617F /* Main.storyboard */ = {
			isa = PBXVariantGroup;
			children = (
				44D769A4189484410060617F /* Base */,
			);
			name = Main.storyboard;
			sourceTree = "<group>";
		};
		44D769BC189484410060617F /* InfoPlist.strings */ = {
			isa = PBXVariantGroup;
			children = (
				44D769BD189484410060617F /* en */,
			);
			name = InfoPlist.strings;
			sourceTree = "<group>";
		};
/* End PBXVariantGroup section */

/* Begin XCBuildConfiguration section */
		44D769C1189484410060617F /* Debug */ = {
			isa = XCBuildConfiguration;
			buildSettings = {
				ALWAYS_SEARCH_USER_PATHS = NO;
				ARCHS = "$(ARCHS_STANDARD_INCLUDING_64_BIT)";
				CLANG_CXX_LANGUAGE_STANDARD = "gnu++0x";
				CLANG_CXX_LIBRARY = "libc++";
				CLANG_ENABLE_MODULES = YES;
				CLANG_ENABLE_OBJC_ARC = YES;
				CLANG_WARN_BOOL_CONVERSION = YES;
				CLANG_WARN_CONSTANT_CONVERSION = YES;
				CLANG_WARN_DIRECT_OBJC_ISA_USAGE = YES_ERROR;
				CLANG_WARN_EMPTY_BODY = YES;
				CLANG_WARN_ENUM_CONVERSION = YES;
				CLANG_WARN_INT_CONVERSION = YES;
				CLANG_WARN_OBJC_ROOT_CLASS = YES_ERROR;
				CLANG_WARN__DUPLICATE_METHOD_MATCH = YES;
				"CODE_SIGN_IDENTITY[sdk=iphoneos*]" = "iPhone Developer";
				COPY_PHASE_STRIP = NO;
				GCC_C_LANGUAGE_STANDARD = gnu99;
				GCC_DYNAMIC_NO_PIC = NO;
				GCC_OPTIMIZATION_LEVEL = 0;
				GCC_PREPROCESSOR_DEFINITIONS = (
					"DEBUG=1",
					"$(inherited)",
				);
				GCC_SYMBOLS_PRIVATE_EXTERN = NO;
				GCC_WARN_64_TO_32_BIT_CONVERSION = YES;
				GCC_WARN_ABOUT_RETURN_TYPE = YES_ERROR;
				GCC_WARN_UNDECLARED_SELECTOR = YES;
				GCC_WARN_UNINITIALIZED_AUTOS = YES;
				GCC_WARN_UNUSED_FUNCTION = YES;
				GCC_WARN_UNUSED_VARIABLE = YES;
				IPHONEOS_DEPLOYMENT_TARGET = 7.0;
				ONLY_ACTIVE_ARCH = YES;
				SDKROOT = iphoneos;
				TARGETED_DEVICE_FAMILY = 2;
			};
			name = Debug;
		};
		44D769C2189484410060617F /* Release */ = {
			isa = XCBuildConfiguration;
			buildSettings = {
				ALWAYS_SEARCH_USER_PATHS = NO;
				ARCHS = "$(ARCHS_STANDARD_INCLUDING_64_BIT)";
				CLANG_CXX_LANGUAGE_STANDARD = "gnu++0x";
				CLANG_CXX_LIBRARY = "libc++";
				CLANG_ENABLE_MODULES = YES;
				CLANG_ENABLE_OBJC_ARC = YES;
				CLANG_WARN_BOOL_CONVERSION = YES;
				CLANG_WARN_CONSTANT_CONVERSION = YES;
				CLANG_WARN_DIRECT_OBJC_ISA_USAGE = YES_ERROR;
				CLANG_WARN_EMPTY_BODY = YES;
				CLANG_WARN_ENUM_CONVERSION = YES;
				CLANG_WARN_INT_CONVERSION = YES;
				CLANG_WARN_OBJC_ROOT_CLASS = YES_ERROR;
				CLANG_WARN__DUPLICATE_METHOD_MATCH = YES;
				"CODE_SIGN_IDENTITY[sdk=iphoneos*]" = "iPhone Developer";
				COPY_PHASE_STRIP = YES;
				ENABLE_NS_ASSERTIONS = NO;
				GCC_C_LANGUAGE_STANDARD = gnu99;
				GCC_WARN_64_TO_32_BIT_CONVERSION = YES;
				GCC_WARN_ABOUT_RETURN_TYPE = YES_ERROR;
				GCC_WARN_UNDECLARED_SELECTOR = YES;
				GCC_WARN_UNINITIALIZED_AUTOS = YES;
				GCC_WARN_UNUSED_FUNCTION = YES;
				GCC_WARN_UNUSED_VARIABLE = YES;
				IPHONEOS_DEPLOYMENT_TARGET = 7.0;
				SDKROOT = iphoneos;
				TARGETED_DEVICE_FAMILY = 2;
				VALIDATE_PRODUCT = YES;
			};
			name = Release;
		};
		44D769C4189484410060617F /* Debug */ = {
			isa = XCBuildConfiguration;
			buildSettings = {
				ASSETCATALOG_COMPILER_APPICON_NAME = AppIcon;
				ASSETCATALOG_COMPILER_LAUNCHIMAGE_NAME = LaunchImage;
				GCC_PRECOMPILE_PREFIX_HEADER = YES;
				GCC_PREFIX_HEADER = "TestMachine/TestMachine-Prefix.pch";
				INFOPLIST_FILE = "TestMachine/TestMachine-Info.plist";
				PRODUCT_NAME = "$(TARGET_NAME)";
				WRAPPER_EXTENSION = app;
			};
			name = Debug;
		};
		44D769C5189484410060617F /* Release */ = {
			isa = XCBuildConfiguration;
			buildSettings = {
				ASSETCATALOG_COMPILER_APPICON_NAME = AppIcon;
				ASSETCATALOG_COMPILER_LAUNCHIMAGE_NAME = LaunchImage;
				GCC_PRECOMPILE_PREFIX_HEADER = YES;
				GCC_PREFIX_HEADER = "TestMachine/TestMachine-Prefix.pch";
				INFOPLIST_FILE = "TestMachine/TestMachine-Info.plist";
				PRODUCT_NAME = "$(TARGET_NAME)";
				WRAPPER_EXTENSION = app;
			};
			name = Release;
		};
		44D769C7189484410060617F /* Debug */ = {
			isa = XCBuildConfiguration;
			buildSettings = {
				ARCHS = "$(ARCHS_STANDARD_INCLUDING_64_BIT)";
				BUNDLE_LOADER = "$(BUILT_PRODUCTS_DIR)/TestMachine.app/TestMachine";
				FRAMEWORK_SEARCH_PATHS = (
					"$(SDKROOT)/Developer/Library/Frameworks",
					"$(inherited)",
					"$(DEVELOPER_FRAMEWORKS_DIR)",
				);
				GCC_PRECOMPILE_PREFIX_HEADER = YES;
				GCC_PREFIX_HEADER = "TestMachine/TestMachine-Prefix.pch";
				GCC_PREPROCESSOR_DEFINITIONS = (
					"DEBUG=1",
					"$(inherited)",
				);
				INFOPLIST_FILE = "TestMachineTests/TestMachineTests-Info.plist";
				PRODUCT_NAME = "$(TARGET_NAME)";
				TEST_HOST = "$(BUNDLE_LOADER)";
				WRAPPER_EXTENSION = xctest;
			};
			name = Debug;
		};
		44D769C8189484410060617F /* Release */ = {
			isa = XCBuildConfiguration;
			buildSettings = {
				ARCHS = "$(ARCHS_STANDARD_INCLUDING_64_BIT)";
				BUNDLE_LOADER = "$(BUILT_PRODUCTS_DIR)/TestMachine.app/TestMachine";
				FRAMEWORK_SEARCH_PATHS = (
					"$(SDKROOT)/Developer/Library/Frameworks",
					"$(inherited)",
					"$(DEVELOPER_FRAMEWORKS_DIR)",
				);
				GCC_PRECOMPILE_PREFIX_HEADER = YES;
				GCC_PREFIX_HEADER = "TestMachine/TestMachine-Prefix.pch";
				INFOPLIST_FILE = "TestMachineTests/TestMachineTests-Info.plist";
				PRODUCT_NAME = "$(TARGET_NAME)";
				TEST_HOST = "$(BUNDLE_LOADER)";
				WRAPPER_EXTENSION = xctest;
			};
			name = Release;
		};
/* End XCBuildConfiguration section */

/* Begin XCConfigurationList section */
		44D76989189484410060617F /* Build configuration list for PBXProject "TestMachine" */ = {
			isa = XCConfigurationList;
			buildConfigurations = (
				44D769C1189484410060617F /* Debug */,
				44D769C2189484410060617F /* Release */,
			);
			defaultConfigurationIsVisible = 0;
			defaultConfigurationName = Release;
		};
		44D769C3189484410060617F /* Build configuration list for PBXNativeTarget "TestMachine" */ = {
			isa = XCConfigurationList;
			buildConfigurations = (
				44D769C4189484410060617F /* Debug */,
				44D769C5189484410060617F /* Release */,
			);
			defaultConfigurationIsVisible = 0;
		};
		44D769C6189484410060617F /* Build configuration list for PBXNativeTarget "TestMachineTests" */ = {
			isa = XCConfigurationList;
			buildConfigurations = (
				44D769C7189484410060617F /* Debug */,
				44D769C8189484410060617F /* Release */,
			);
			defaultConfigurationIsVisible = 0;
		};
/* End XCConfigurationList section */
	};
	rootObject = 44D76986189484410060617F /* Project object */;
}
